
Microsoft Visual Studio Solution File, Format Version 12.00
# Visual Studio Version 17
VisualStudioVersion = 17.4.33213.308
MinimumVisualStudioVersion = 10.0.40219.1
Project("{9A19103F-16F7-4668-BE54-9A1E7A4F7556}") = "SDK_Laboratoire1", "SDK_Laboratoire1\SDK_Laboratoire1.csproj", "{9D1D6317-501F-414E-B0E5-F78738399611}"
EndProject
Project("{FAE04EC0-301F-11D3-BF4B-00C04F79EFBC}") = "LibrairieConversionNote", "LibrairieConversionNote\LibrairieConversionNote.csproj", "{084ACF09-4409-4899-B49A-36CFBD59271A}"
EndProject
Global
	GlobalSection(SolutionConfigurationPlatforms) = preSolution
		Debug|Any CPU = Debug|Any CPU
		Release|Any CPU = Release|Any CPU
	EndGlobalSection
	GlobalSection(ProjectConfigurationPlatforms) = postSolution
		{9D1D6317-501F-414E-B0E5-F78738399611}.Debug|Any CPU.ActiveCfg = Debug|Any CPU
		{9D1D6317-501F-414E-B0E5-F78738399611}.Debug|Any CPU.Build.0 = Debug|Any CPU
		{9D1D6317-501F-414E-B0E5-F78738399611}.Release|Any CPU.ActiveCfg = Release|Any CPU
		{9D1D6317-501F-414E-B0E5-F78738399611}.Release|Any CPU.Build.0 = Release|Any CPU
		{084ACF09-4409-4899-B49A-36CFBD59271A}.Debug|Any CPU.ActiveCfg = Debug|Any CPU
		{084ACF09-4409-4899-B49A-36CFBD59271A}.Debug|Any CPU.Build.0 = Debug|Any CPU
		{084ACF09-4409-4899-B49A-36CFBD59271A}.Release|Any CPU.ActiveCfg = Release|Any CPU
		{084ACF09-4409-4899-B49A-36CFBD59271A}.Release|Any CPU.Build.0 = Release|Any CPU
	EndGlobalSection
	GlobalSection(SolutionProperties) = preSolution
		HideSolutionNode = FALSE
	EndGlobalSection
	GlobalSection(ExtensibilityGlobals) = postSolution
		SolutionGuid = {2166A4A8-8ADA-4C8F-90C1-790C950AEBC3}
	EndGlobalSection
EndGlobal
